// !$*UTF8*$!
{
	archiveVersion = 1;
	classes = {
	};
	objectVersion = 46;
	objects = {

/* Begin PBXBuildFile section */
		02D8ED311B22347500DD9E1F /* iPad.storyboard in Resources */ = {isa = PBXBuildFile; fileRef = 02D8ED301B22347500DD9E1F /* iPad.storyboard */; };
		02D8ED3A1B22367500DD9E1F /* SelecionaProvaView.swift in Sources */ = {isa = PBXBuildFile; fileRef = 02D8ED391B22367500DD9E1F /* SelecionaProvaView.swift */; };
		02D8ED3C1B2236B400DD9E1F /* TarefasController.swift in Sources */ = {isa = PBXBuildFile; fileRef = 02D8ED3B1B2236B400DD9E1F /* TarefasController.swift */; };
		02D8ED441B2237E800DD9E1F /* RelatoriosTableView.swift in Sources */ = {isa = PBXBuildFile; fileRef = 02D8ED431B2237E800DD9E1F /* RelatoriosTableView.swift */; };
		02D8ED461B22384200DD9E1F /* SelecionaRelatorioTableView.swift in Sources */ = {isa = PBXBuildFile; fileRef = 02D8ED451B22384200DD9E1F /* SelecionaRelatorioTableView.swift */; };
		02D8ED481B2238A000DD9E1F /* RelatorioProvaView.swift in Sources */ = {isa = PBXBuildFile; fileRef = 02D8ED471B2238A000DD9E1F /* RelatorioProvaView.swift */; };
		02D8ED4A1B2238D600DD9E1F /* RelatorioTarefaView.swift in Sources */ = {isa = PBXBuildFile; fileRef = 02D8ED491B2238D600DD9E1F /* RelatorioTarefaView.swift */; };
		A192857E1B20A73C00AC17E2 /* DisciplinaCloud.swift in Sources */ = {isa = PBXBuildFile; fileRef = A192857D1B20A73C00AC17E2 /* DisciplinaCloud.swift */; };
		A19285801B20A80100AC17E2 /* AvaliacaoCloud.swift in Sources */ = {isa = PBXBuildFile; fileRef = A192857F1B20A80100AC17E2 /* AvaliacaoCloud.swift */; };
		A19285821B20A8C000AC17E2 /* TarefaCloud.swift in Sources */ = {isa = PBXBuildFile; fileRef = A19285811B20A8C000AC17E2 /* TarefaCloud.swift */; };
		A19285841B20AAA200AC17E2 /* CloudKitHelper.swift in Sources */ = {isa = PBXBuildFile; fileRef = A19285831B20AAA200AC17E2 /* CloudKitHelper.swift */; };
		A19285861B20D57E00AC17E2 /* InformacaoUsuario.swift in Sources */ = {isa = PBXBuildFile; fileRef = A19285851B20D57E00AC17E2 /* InformacaoUsuario.swift */; };
		A19285881B20FCA900AC17E2 /* Calendario.swift in Sources */ = {isa = PBXBuildFile; fileRef = A19285871B20FCA900AC17E2 /* Calendario.swift */; };
		A192858A1B20FD7500AC17E2 /* OrganizaData.swift in Sources */ = {isa = PBXBuildFile; fileRef = A19285891B20FD7500AC17E2 /* OrganizaData.swift */; };
		E4B24C951B27B9E000FDD429 /* DetalhesController.swift in Sources */ = {isa = PBXBuildFile; fileRef = E4B24C941B27B9E000FDD429 /* DetalhesController.swift */; };
		E4D51C0D1B307FAE00DA1E78 /* NotasController.swift in Sources */ = {isa = PBXBuildFile; fileRef = E4D51C0C1B307FAE00DA1E78 /* NotasController.swift */; };
		E4D528811B1E9176009859D8 /* AppDelegate.swift in Sources */ = {isa = PBXBuildFile; fileRef = E4D528801B1E9176009859D8 /* AppDelegate.swift */; };
		E4D528841B1E9176009859D8 /* Homework.xcdatamodeld in Sources */ = {isa = PBXBuildFile; fileRef = E4D528821B1E9176009859D8 /* Homework.xcdatamodeld */; };
		E4D528861B1E9176009859D8 /* ViewController.swift in Sources */ = {isa = PBXBuildFile; fileRef = E4D528851B1E9176009859D8 /* ViewController.swift */; };
		E4D528891B1E9176009859D8 /* iPhone.storyboard in Resources */ = {isa = PBXBuildFile; fileRef = E4D528871B1E9176009859D8 /* iPhone.storyboard */; };
		E4D5288B1B1E9176009859D8 /* Images.xcassets in Resources */ = {isa = PBXBuildFile; fileRef = E4D5288A1B1E9176009859D8 /* Images.xcassets */; };
		E4D5289A1B1E9176009859D8 /* HomeworkTests.swift in Sources */ = {isa = PBXBuildFile; fileRef = E4D528991B1E9176009859D8 /* HomeworkTests.swift */; };
		E4D528A81B1E9423009859D8 /* CoreData.swift in Sources */ = {isa = PBXBuildFile; fileRef = E4D528A71B1E9423009859D8 /* CoreData.swift */; };
		E4E821681B1FB3920096F22D /* Avaliacao.swift in Sources */ = {isa = PBXBuildFile; fileRef = E4E821671B1FB3920096F22D /* Avaliacao.swift */; };
		E4E8216A1B1FB3920096F22D /* Trabalho.swift in Sources */ = {isa = PBXBuildFile; fileRef = E4E821691B1FB3920096F22D /* Trabalho.swift */; };
		E4E8216C1B1FB3920096F22D /* Disciplina.swift in Sources */ = {isa = PBXBuildFile; fileRef = E4E8216B1B1FB3920096F22D /* Disciplina.swift */; };
		E4E8216F1B2072DB0096F22D /* DisciplinasViewController.swift in Sources */ = {isa = PBXBuildFile; fileRef = E4E8216E1B2072DB0096F22D /* DisciplinasViewController.swift */; };
/* End PBXBuildFile section */

/* Begin PBXContainerItemProxy section */
		E4D528941B1E9176009859D8 /* PBXContainerItemProxy */ = {
			isa = PBXContainerItemProxy;
			containerPortal = E4D528731B1E9175009859D8 /* Project object */;
			proxyType = 1;
			remoteGlobalIDString = E4D5287A1B1E9176009859D8;
			remoteInfo = Homework;
		};
/* End PBXContainerItemProxy section */

/* Begin PBXFileReference section */
		02D8ED301B22347500DD9E1F /* iPad.storyboard */ = {isa = PBXFileReference; fileEncoding = 4; lastKnownFileType = file.storyboard; path = iPad.storyboard; sourceTree = "<group>"; };
		02D8ED391B22367500DD9E1F /* SelecionaProvaView.swift */ = {isa = PBXFileReference; fileEncoding = 4; lastKnownFileType = sourcecode.swift; path = SelecionaProvaView.swift; sourceTree = "<group>"; };
		02D8ED3B1B2236B400DD9E1F /* TarefasController.swift */ = {isa = PBXFileReference; fileEncoding = 4; lastKnownFileType = sourcecode.swift; path = TarefasController.swift; sourceTree = "<group>"; };
		02D8ED431B2237E800DD9E1F /* RelatoriosTableView.swift */ = {isa = PBXFileReference; fileEncoding = 4; lastKnownFileType = sourcecode.swift; path = RelatoriosTableView.swift; sourceTree = "<group>"; };
		02D8ED451B22384200DD9E1F /* SelecionaRelatorioTableView.swift */ = {isa = PBXFileReference; fileEncoding = 4; lastKnownFileType = sourcecode.swift; path = SelecionaRelatorioTableView.swift; sourceTree = "<group>"; };
		02D8ED471B2238A000DD9E1F /* RelatorioProvaView.swift */ = {isa = PBXFileReference; fileEncoding = 4; lastKnownFileType = sourcecode.swift; path = RelatorioProvaView.swift; sourceTree = "<group>"; };
		02D8ED491B2238D600DD9E1F /* RelatorioTarefaView.swift */ = {isa = PBXFileReference; fileEncoding = 4; lastKnownFileType = sourcecode.swift; path = RelatorioTarefaView.swift; sourceTree = "<group>"; };
		A19285771B20915000AC17E2 /* Homework.entitlements */ = {isa = PBXFileReference; lastKnownFileType = text.xml; path = Homework.entitlements; sourceTree = "<group>"; };
		A192857D1B20A73C00AC17E2 /* DisciplinaCloud.swift */ = {isa = PBXFileReference; fileEncoding = 4; lastKnownFileType = sourcecode.swift; path = DisciplinaCloud.swift; sourceTree = "<group>"; };
		A192857F1B20A80100AC17E2 /* AvaliacaoCloud.swift */ = {isa = PBXFileReference; fileEncoding = 4; lastKnownFileType = sourcecode.swift; path = AvaliacaoCloud.swift; sourceTree = "<group>"; };
		A19285811B20A8C000AC17E2 /* TarefaCloud.swift */ = {isa = PBXFileReference; fileEncoding = 4; lastKnownFileType = sourcecode.swift; path = TarefaCloud.swift; sourceTree = "<group>"; };
		A19285831B20AAA200AC17E2 /* CloudKitHelper.swift */ = {isa = PBXFileReference; fileEncoding = 4; lastKnownFileType = sourcecode.swift; path = CloudKitHelper.swift; sourceTree = "<group>"; };
		A19285851B20D57E00AC17E2 /* InformacaoUsuario.swift */ = {isa = PBXFileReference; fileEncoding = 4; lastKnownFileType = sourcecode.swift; path = InformacaoUsuario.swift; sourceTree = "<group>"; };
		A19285871B20FCA900AC17E2 /* Calendario.swift */ = {isa = PBXFileReference; fileEncoding = 4; lastKnownFileType = sourcecode.swift; path = Calendario.swift; sourceTree = "<group>"; };
		A19285891B20FD7500AC17E2 /* OrganizaData.swift */ = {isa = PBXFileReference; fileEncoding = 4; lastKnownFileType = sourcecode.swift; path = OrganizaData.swift; sourceTree = "<group>"; };
		E4B24C941B27B9E000FDD429 /* DetalhesController.swift */ = {isa = PBXFileReference; fileEncoding = 4; lastKnownFileType = sourcecode.swift; path = DetalhesController.swift; sourceTree = "<group>"; };
		E4D51C0C1B307FAE00DA1E78 /* NotasController.swift */ = {isa = PBXFileReference; fileEncoding = 4; lastKnownFileType = sourcecode.swift; path = NotasController.swift; sourceTree = "<group>"; };
		E4D5287B1B1E9176009859D8 /* Homework.app */ = {isa = PBXFileReference; explicitFileType = wrapper.application; includeInIndex = 0; path = Homework.app; sourceTree = BUILT_PRODUCTS_DIR; };
		E4D5287F1B1E9176009859D8 /* Info.plist */ = {isa = PBXFileReference; lastKnownFileType = text.plist.xml; path = Info.plist; sourceTree = "<group>"; };
		E4D528801B1E9176009859D8 /* AppDelegate.swift */ = {isa = PBXFileReference; lastKnownFileType = sourcecode.swift; path = AppDelegate.swift; sourceTree = "<group>"; };
		E4D528831B1E9176009859D8 /* Homework.xcdatamodel */ = {isa = PBXFileReference; lastKnownFileType = wrapper.xcdatamodel; path = Homework.xcdatamodel; sourceTree = "<group>"; };
		E4D528851B1E9176009859D8 /* ViewController.swift */ = {isa = PBXFileReference; lastKnownFileType = sourcecode.swift; path = ViewController.swift; sourceTree = "<group>"; };
		E4D528881B1E9176009859D8 /* Base */ = {isa = PBXFileReference; lastKnownFileType = file.storyboard; name = Base; path = Base.lproj/iPhone.storyboard; sourceTree = "<group>"; };
		E4D5288A1B1E9176009859D8 /* Images.xcassets */ = {isa = PBXFileReference; lastKnownFileType = folder.assetcatalog; path = Images.xcassets; sourceTree = "<group>"; };
		E4D528931B1E9176009859D8 /* HomeworkTests.xctest */ = {isa = PBXFileReference; explicitFileType = wrapper.cfbundle; includeInIndex = 0; path = HomeworkTests.xctest; sourceTree = BUILT_PRODUCTS_DIR; };
		E4D528981B1E9176009859D8 /* Info.plist */ = {isa = PBXFileReference; lastKnownFileType = text.plist.xml; path = Info.plist; sourceTree = "<group>"; };
		E4D528991B1E9176009859D8 /* HomeworkTests.swift */ = {isa = PBXFileReference; lastKnownFileType = sourcecode.swift; path = HomeworkTests.swift; sourceTree = "<group>"; };
		E4D528A71B1E9423009859D8 /* CoreData.swift */ = {isa = PBXFileReference; fileEncoding = 4; lastKnownFileType = sourcecode.swift; path = CoreData.swift; sourceTree = "<group>"; };
		E4E821671B1FB3920096F22D /* Avaliacao.swift */ = {isa = PBXFileReference; fileEncoding = 4; lastKnownFileType = sourcecode.swift; path = Avaliacao.swift; sourceTree = "<group>"; };
		E4E821691B1FB3920096F22D /* Trabalho.swift */ = {isa = PBXFileReference; fileEncoding = 4; lastKnownFileType = sourcecode.swift; path = Trabalho.swift; sourceTree = "<group>"; };
		E4E8216B1B1FB3920096F22D /* Disciplina.swift */ = {isa = PBXFileReference; fileEncoding = 4; lastKnownFileType = sourcecode.swift; path = Disciplina.swift; sourceTree = "<group>"; };
		E4E8216E1B2072DB0096F22D /* DisciplinasViewController.swift */ = {isa = PBXFileReference; fileEncoding = 4; lastKnownFileType = sourcecode.swift; path = DisciplinasViewController.swift; sourceTree = "<group>"; };
/* End PBXFileReference section */

/* Begin PBXFrameworksBuildPhase section */
		E4D528781B1E9176009859D8 /* Frameworks */ = {
			isa = PBXFrameworksBuildPhase;
			buildActionMask = 2147483647;
			files = (
			);
			runOnlyForDeploymentPostprocessing = 0;
		};
		E4D528901B1E9176009859D8 /* Frameworks */ = {
			isa = PBXFrameworksBuildPhase;
			buildActionMask = 2147483647;
			files = (
			);
			runOnlyForDeploymentPostprocessing = 0;
		};
/* End PBXFrameworksBuildPhase section */

/* Begin PBXGroup section */
		02D8ED341B2235BD00DD9E1F /* TabBar 1 */ = {
			isa = PBXGroup;
			children = (
				E4E8216D1B20728B0096F22D /* Navigation 1 */,
			);
			name = "TabBar 1";
			sourceTree = "<group>";
		};
		02D8ED411B22372A00DD9E1F /* TabBar 2 Calendario */ = {
			isa = PBXGroup;
			children = (
				A19285871B20FCA900AC17E2 /* Calendario.swift */,
			);
			name = "TabBar 2 Calendario";
			sourceTree = "<group>";
		};
		02D8ED421B22378C00DD9E1F /* TabBar 3 Relatorios */ = {
			isa = PBXGroup;
			children = (
				02D8ED431B2237E800DD9E1F /* RelatoriosTableView.swift */,
				02D8ED451B22384200DD9E1F /* SelecionaRelatorioTableView.swift */,
				02D8ED471B2238A000DD9E1F /* RelatorioProvaView.swift */,
				02D8ED491B2238D600DD9E1F /* RelatorioTarefaView.swift */,
			);
			name = "TabBar 3 Relatorios";
			sourceTree = "<group>";
		};
		A192857A1B20A60600AC17E2 /* CloudKit */ = {
			isa = PBXGroup;
			children = (
				A19285831B20AAA200AC17E2 /* CloudKitHelper.swift */,
				A19285851B20D57E00AC17E2 /* InformacaoUsuario.swift */,
				A192857D1B20A73C00AC17E2 /* DisciplinaCloud.swift */,
				A192857F1B20A80100AC17E2 /* AvaliacaoCloud.swift */,
				A19285811B20A8C000AC17E2 /* TarefaCloud.swift */,
			);
			name = CloudKit;
			sourceTree = "<group>";
		};
		E4D528721B1E9175009859D8 = {
			isa = PBXGroup;
			children = (
				E4D5287D1B1E9176009859D8 /* Homework */,
				E4D528961B1E9176009859D8 /* HomeworkTests */,
				E4D5287C1B1E9176009859D8 /* Products */,
			);
			sourceTree = "<group>";
		};
		E4D5287C1B1E9176009859D8 /* Products */ = {
			isa = PBXGroup;
			children = (
				E4D5287B1B1E9176009859D8 /* Homework.app */,
				E4D528931B1E9176009859D8 /* HomeworkTests.xctest */,
			);
			name = Products;
			sourceTree = "<group>";
		};
		E4D5287D1B1E9176009859D8 /* Homework */ = {
			isa = PBXGroup;
			children = (
				02D8ED341B2235BD00DD9E1F /* TabBar 1 */,
				02D8ED411B22372A00DD9E1F /* TabBar 2 Calendario */,
				02D8ED421B22378C00DD9E1F /* TabBar 3 Relatorios */,
				A192857A1B20A60600AC17E2 /* CloudKit */,
				E4E821661B1FB19B0096F22D /* Entidades */,
				E4D528A61B1E93FC009859D8 /* CoreData */,
				E4D528801B1E9176009859D8 /* AppDelegate.swift */,
				A19285891B20FD7500AC17E2 /* OrganizaData.swift */,
				E4D528851B1E9176009859D8 /* ViewController.swift */,
				E4D528871B1E9176009859D8 /* iPhone.storyboard */,
				02D8ED301B22347500DD9E1F /* iPad.storyboard */,
				E4D5288A1B1E9176009859D8 /* Images.xcassets */,
				A19285771B20915000AC17E2 /* Homework.entitlements */,
				E4D5287E1B1E9176009859D8 /* Supporting Files */,
			);
			path = Homework;
			sourceTree = "<group>";
		};
		E4D5287E1B1E9176009859D8 /* Supporting Files */ = {
			isa = PBXGroup;
			children = (
				E4D5287F1B1E9176009859D8 /* Info.plist */,
			);
			name = "Supporting Files";
			sourceTree = "<group>";
		};
		E4D528961B1E9176009859D8 /* HomeworkTests */ = {
			isa = PBXGroup;
			children = (
				E4D528991B1E9176009859D8 /* HomeworkTests.swift */,
				E4D528971B1E9176009859D8 /* Supporting Files */,
			);
			path = HomeworkTests;
			sourceTree = "<group>";
		};
		E4D528971B1E9176009859D8 /* Supporting Files */ = {
			isa = PBXGroup;
			children = (
				E4D528981B1E9176009859D8 /* Info.plist */,
			);
			name = "Supporting Files";
			sourceTree = "<group>";
		};
		E4D528A61B1E93FC009859D8 /* CoreData */ = {
			isa = PBXGroup;
			children = (
				E4D528821B1E9176009859D8 /* Homework.xcdatamodeld */,
				E4D528A71B1E9423009859D8 /* CoreData.swift */,
			);
			name = CoreData;
			sourceTree = "<group>";
		};
		E4E821661B1FB19B0096F22D /* Entidades */ = {
			isa = PBXGroup;
			children = (
				E4E8216B1B1FB3920096F22D /* Disciplina.swift */,
				E4E821691B1FB3920096F22D /* Trabalho.swift */,
				E4E821671B1FB3920096F22D /* Avaliacao.swift */,
			);
			name = Entidades;
			sourceTree = "<group>";
		};
		E4E8216D1B20728B0096F22D /* Navigation 1 */ = {
			isa = PBXGroup;
			children = (
				02D8ED391B22367500DD9E1F /* SelecionaProvaView.swift */,
				02D8ED3B1B2236B400DD9E1F /* TarefasController.swift */,
				E4E8216E1B2072DB0096F22D /* DisciplinasViewController.swift */,
				E4B24C941B27B9E000FDD429 /* DetalhesController.swift */,
				E4D51C0C1B307FAE00DA1E78 /* NotasController.swift */,
			);
			name = "Navigation 1";
			sourceTree = "<group>";
		};
/* End PBXGroup section */

/* Begin PBXNativeTarget section */
		E4D5287A1B1E9176009859D8 /* Homework */ = {
			isa = PBXNativeTarget;
			buildConfigurationList = E4D5289D1B1E9176009859D8 /* Build configuration list for PBXNativeTarget "Homework" */;
			buildPhases = (
				E4D528771B1E9176009859D8 /* Sources */,
				E4D528781B1E9176009859D8 /* Frameworks */,
				E4D528791B1E9176009859D8 /* Resources */,
			);
			buildRules = (
			);
			dependencies = (
			);
			name = Homework;
			productName = Homework;
			productReference = E4D5287B1B1E9176009859D8 /* Homework.app */;
			productType = "com.apple.product-type.application";
		};
		E4D528921B1E9176009859D8 /* HomeworkTests */ = {
			isa = PBXNativeTarget;
			buildConfigurationList = E4D528A01B1E9176009859D8 /* Build configuration list for PBXNativeTarget "HomeworkTests" */;
			buildPhases = (
				E4D5288F1B1E9176009859D8 /* Sources */,
				E4D528901B1E9176009859D8 /* Frameworks */,
				E4D528911B1E9176009859D8 /* Resources */,
			);
			buildRules = (
			);
			dependencies = (
				E4D528951B1E9176009859D8 /* PBXTargetDependency */,
			);
			name = HomeworkTests;
			productName = HomeworkTests;
			productReference = E4D528931B1E9176009859D8 /* HomeworkTests.xctest */;
			productType = "com.apple.product-type.bundle.unit-test";
		};
/* End PBXNativeTarget section */

/* Begin PBXProject section */
		E4D528731B1E9175009859D8 /* Project object */ = {
			isa = PBXProject;
			attributes = {
				LastSwiftUpdateCheck = 0700;
				LastUpgradeCheck = 0630;
				ORGANIZATIONNAME = "Mobile Engineers";
				TargetAttributes = {
					E4D5287A1B1E9176009859D8 = {
						CreatedOnToolsVersion = 6.3.2;
						DevelopmentTeam = YBDF2UUEMG;
						SystemCapabilities = {
							com.apple.iCloud = {
								enabled = 0;
							};
						};
					};
					E4D528921B1E9176009859D8 = {
						CreatedOnToolsVersion = 6.3.2;
						TestTargetID = E4D5287A1B1E9176009859D8;
					};
				};
			};
			buildConfigurationList = E4D528761B1E9175009859D8 /* Build configuration list for PBXProject "Homework" */;
			compatibilityVersion = "Xcode 3.2";
			developmentRegion = English;
			hasScannedForEncodings = 0;
			knownRegions = (
				en,
				Base,
			);
			mainGroup = E4D528721B1E9175009859D8;
			productRefGroup = E4D5287C1B1E9176009859D8 /* Products */;
			projectDirPath = "";
			projectRoot = "";
			targets = (
				E4D5287A1B1E9176009859D8 /* Homework */,
				E4D528921B1E9176009859D8 /* HomeworkTests */,
			);
		};
/* End PBXProject section */

/* Begin PBXResourcesBuildPhase section */
		E4D528791B1E9176009859D8 /* Resources */ = {
			isa = PBXResourcesBuildPhase;
			buildActionMask = 2147483647;
			files = (
				02D8ED311B22347500DD9E1F /* iPad.storyboard in Resources */,
				E4D528891B1E9176009859D8 /* iPhone.storyboard in Resources */,
				E4D5288B1B1E9176009859D8 /* Images.xcassets in Resources */,
			);
			runOnlyForDeploymentPostprocessing = 0;
		};
		E4D528911B1E9176009859D8 /* Resources */ = {
			isa = PBXResourcesBuildPhase;
			buildActionMask = 2147483647;
			files = (
			);
			runOnlyForDeploymentPostprocessing = 0;
		};
/* End PBXResourcesBuildPhase section */

/* Begin PBXSourcesBuildPhase section */
		E4D528771B1E9176009859D8 /* Sources */ = {
			isa = PBXSourcesBuildPhase;
			buildActionMask = 2147483647;
			files = (
				E4D528A81B1E9423009859D8 /* CoreData.swift in Sources */,
				A192857E1B20A73C00AC17E2 /* DisciplinaCloud.swift in Sources */,
				A19285841B20AAA200AC17E2 /* CloudKitHelper.swift in Sources */,
				02D8ED441B2237E800DD9E1F /* RelatoriosTableView.swift in Sources */,
				E4E8216C1B1FB3920096F22D /* Disciplina.swift in Sources */,
				E4D528861B1E9176009859D8 /* ViewController.swift in Sources */,
				A19285881B20FCA900AC17E2 /* Calendario.swift in Sources */,
				02D8ED481B2238A000DD9E1F /* RelatorioProvaView.swift in Sources */,
				E4E8216A1B1FB3920096F22D /* Trabalho.swift in Sources */,
				E4E8216F1B2072DB0096F22D /* DisciplinasViewController.swift in Sources */,
				E4E821681B1FB3920096F22D /* Avaliacao.swift in Sources */,
				02D8ED461B22384200DD9E1F /* SelecionaRelatorioTableView.swift in Sources */,
				A19285801B20A80100AC17E2 /* AvaliacaoCloud.swift in Sources */,
				02D8ED3A1B22367500DD9E1F /* SelecionaProvaView.swift in Sources */,
				A19285861B20D57E00AC17E2 /* InformacaoUsuario.swift in Sources */,
				A19285821B20A8C000AC17E2 /* TarefaCloud.swift in Sources */,
				E4D51C0D1B307FAE00DA1E78 /* NotasController.swift in Sources */,
				02D8ED3C1B2236B400DD9E1F /* TarefasController.swift in Sources */,
				02D8ED4A1B2238D600DD9E1F /* RelatorioTarefaView.swift in Sources */,
				A192858A1B20FD7500AC17E2 /* OrganizaData.swift in Sources */,
				E4D528811B1E9176009859D8 /* AppDelegate.swift in Sources */,
				E4D528841B1E9176009859D8 /* Homework.xcdatamodeld in Sources */,
				E4B24C951B27B9E000FDD429 /* DetalhesController.swift in Sources */,
			);
			runOnlyForDeploymentPostprocessing = 0;
		};
		E4D5288F1B1E9176009859D8 /* Sources */ = {
			isa = PBXSourcesBuildPhase;
			buildActionMask = 2147483647;
			files = (
				E4D5289A1B1E9176009859D8 /* HomeworkTests.swift in Sources */,
			);
			runOnlyForDeploymentPostprocessing = 0;
		};
/* End PBXSourcesBuildPhase section */

/* Begin PBXTargetDependency section */
		E4D528951B1E9176009859D8 /* PBXTargetDependency */ = {
			isa = PBXTargetDependency;
			target = E4D5287A1B1E9176009859D8 /* Homework */;
			targetProxy = E4D528941B1E9176009859D8 /* PBXContainerItemProxy */;
		};
/* End PBXTargetDependency section */

/* Begin PBXVariantGroup section */
		E4D528871B1E9176009859D8 /* iPhone.storyboard */ = {
			isa = PBXVariantGroup;
			children = (
				E4D528881B1E9176009859D8 /* Base */,
			);
			name = iPhone.storyboard;
			sourceTree = "<group>";
		};
/* End PBXVariantGroup section */

/* Begin XCBuildConfiguration section */
		E4D5289B1B1E9176009859D8 /* Debug */ = {
			isa = XCBuildConfiguration;
			buildSettings = {
				ALWAYS_SEARCH_USER_PATHS = NO;
				CLANG_CXX_LANGUAGE_STANDARD = "gnu++0x";
				CLANG_CXX_LIBRARY = "libc++";
				CLANG_ENABLE_MODULES = YES;
				CLANG_ENABLE_OBJC_ARC = YES;
				CLANG_WARN_BOOL_CONVERSION = YES;
				CLANG_WARN_CONSTANT_CONVERSION = YES;
				CLANG_WARN_DIRECT_OBJC_ISA_USAGE = YES_ERROR;
				CLANG_WARN_EMPTY_BODY = YES;
				CLANG_WARN_ENUM_CONVERSION = YES;
				CLANG_WARN_INT_CONVERSION = YES;
				CLANG_WARN_OBJC_ROOT_CLASS = YES_ERROR;
				CLANG_WARN_UNREACHABLE_CODE = YES;
				CLANG_WARN__DUPLICATE_METHOD_MATCH = YES;
				CODE_SIGN_IDENTITY = "iPhone Developer";
				"CODE_SIGN_IDENTITY[sdk=iphoneos*]" = "iPhone Developer";
				COPY_PHASE_STRIP = NO;
				DEBUG_INFORMATION_FORMAT = "dwarf-with-dsym";
				ENABLE_STRICT_OBJC_MSGSEND = YES;
				GCC_C_LANGUAGE_STANDARD = gnu99;
				GCC_DYNAMIC_NO_PIC = NO;
				GCC_NO_COMMON_BLOCKS = YES;
				GCC_OPTIMIZATION_LEVEL = 0;
				GCC_PREPROCESSOR_DEFINITIONS = (
					"DEBUG=1",
					"$(inherited)",
				);
				GCC_SYMBOLS_PRIVATE_EXTERN = NO;
				GCC_WARN_64_TO_32_BIT_CONVERSION = YES;
				GCC_WARN_ABOUT_RETURN_TYPE = YES_ERROR;
				GCC_WARN_UNDECLARED_SELECTOR = YES;
				GCC_WARN_UNINITIALIZED_AUTOS = YES_AGGRESSIVE;
				GCC_WARN_UNUSED_FUNCTION = YES;
				GCC_WARN_UNUSED_VARIABLE = YES;
				IPHONEOS_DEPLOYMENT_TARGET = 8.3;
				MTL_ENABLE_DEBUG_INFO = YES;
				ONLY_ACTIVE_ARCH = YES;
				SDKROOT = iphoneos;
				SWIFT_OPTIMIZATION_LEVEL = "-Onone";
				TARGETED_DEVICE_FAMILY = "1,2";
			};
			name = Debug;
		};
		E4D5289C1B1E9176009859D8 /* Release */ = {
			isa = XCBuildConfiguration;
			buildSettings = {
				ALWAYS_SEARCH_USER_PATHS = NO;
				CLANG_CXX_LANGUAGE_STANDARD = "gnu++0x";
				CLANG_CXX_LIBRARY = "libc++";
				CLANG_ENABLE_MODULES = YES;
				CLANG_ENABLE_OBJC_ARC = YES;
				CLANG_WARN_BOOL_CONVERSION = YES;
				CLANG_WARN_CONSTANT_CONVERSION = YES;
				CLANG_WARN_DIRECT_OBJC_ISA_USAGE = YES_ERROR;
				CLANG_WARN_EMPTY_BODY = YES;
				CLANG_WARN_ENUM_CONVERSION = YES;
				CLANG_WARN_INT_CONVERSION = YES;
				CLANG_WARN_OBJC_ROOT_CLASS = YES_ERROR;
				CLANG_WARN_UNREACHABLE_CODE = YES;
				CLANG_WARN__DUPLICATE_METHOD_MATCH = YES;
				CODE_SIGN_IDENTITY = "iPhone Developer";
				"CODE_SIGN_IDENTITY[sdk=iphoneos*]" = "iPhone Developer";
				COPY_PHASE_STRIP = NO;
				DEBUG_INFORMATION_FORMAT = "dwarf-with-dsym";
				ENABLE_NS_ASSERTIONS = NO;
				ENABLE_STRICT_OBJC_MSGSEND = YES;
				GCC_C_LANGUAGE_STANDARD = gnu99;
				GCC_NO_COMMON_BLOCKS = YES;
				GCC_WARN_64_TO_32_BIT_CONVERSION = YES;
				GCC_WARN_ABOUT_RETURN_TYPE = YES_ERROR;
				GCC_WARN_UNDECLARED_SELECTOR = YES;
				GCC_WARN_UNINITIALIZED_AUTOS = YES_AGGRESSIVE;
				GCC_WARN_UNUSED_FUNCTION = YES;
				GCC_WARN_UNUSED_VARIABLE = YES;
				IPHONEOS_DEPLOYMENT_TARGET = 8.3;
				MTL_ENABLE_DEBUG_INFO = NO;
				SDKROOT = iphoneos;
				TARGETED_DEVICE_FAMILY = "1,2";
				VALIDATE_PRODUCT = YES;
			};
			name = Release;
		};
		E4D5289E1B1E9176009859D8 /* Debug */ = {
			isa = XCBuildConfiguration;
			buildSettings = {
				ASSETCATALOG_COMPILER_APPICON_NAME = AppIcon;
				CODE_SIGN_IDENTITY = "iPhone Developer";
				"CODE_SIGN_IDENTITY[sdk=iphoneos*]" = "iPhone Developer";
				INFOPLIST_FILE = Homework/Info.plist;
				LD_RUNPATH_SEARCH_PATHS = "$(inherited) @executable_path/Frameworks";
				PRODUCT_NAME = "$(TARGET_NAME)";
				PROVISIONING_PROFILE = "";
			};
			name = Debug;
		};
		E4D5289F1B1E9176009859D8 /* Release */ = {
			isa = XCBuildConfiguration;
			buildSettings = {
				ASSETCATALOG_COMPILER_APPICON_NAME = AppIcon;
				CODE_SIGN_IDENTITY = "iPhone Developer";
				"CODE_SIGN_IDENTITY[sdk=iphoneos*]" = "iPhone Developer";
				INFOPLIST_FILE = Homework/Info.plist;
				LD_RUNPATH_SEARCH_PATHS = "$(inherited) @executable_path/Frameworks";
				PRODUCT_NAME = "$(TARGET_NAME)";
				PROVISIONING_PROFILE = "";
			};
			name = Release;
		};
		E4D528A11B1E9176009859D8 /* Debug */ = {
			isa = XCBuildConfiguration;
			buildSettings = {
				BUNDLE_LOADER = "$(TEST_HOST)";
				FRAMEWORK_SEARCH_PATHS = (
					"$(SDKROOT)/Developer/Library/Frameworks",
					"$(inherited)",
				);
				GCC_PREPROCESSOR_DEFINITIONS = (
					"DEBUG=1",
					"$(inherited)",
				);
				INFOPLIST_FILE = HomeworkTests/Info.plist;
				LD_RUNPATH_SEARCH_PATHS = "$(inherited) @executable_path/Frameworks @loader_path/Frameworks";
				PRODUCT_NAME = "$(TARGET_NAME)";
				TEST_HOST = "$(BUILT_PRODUCTS_DIR)/Homework.app/Homework";
			};
			name = Debug;
		};
		E4D528A21B1E9176009859D8 /* Release */ = {
			isa = XCBuildConfiguration;
			buildSettings = {
				BUNDLE_LOADER = "$(TEST_HOST)";
				FRAMEWORK_SEARCH_PATHS = (
					"$(SDKROOT)/Developer/Library/Frameworks",
					"$(inherited)",
				);
				INFOPLIST_FILE = HomeworkTests/Info.plist;
				LD_RUNPATH_SEARCH_PATHS = "$(inherited) @executable_path/Frameworks @loader_path/Frameworks";
				PRODUCT_NAME = "$(TARGET_NAME)";
				TEST_HOST = "$(BUILT_PRODUCTS_DIR)/Homework.app/Homework";
			};
			name = Release;
		};
/* End XCBuildConfiguration section */

/* Begin XCConfigurationList section */
		E4D528761B1E9175009859D8 /* Build configuration list for PBXProject "Homework" */ = {
			isa = XCConfigurationList;
			buildConfigurations = (
				E4D5289B1B1E9176009859D8 /* Debug */,
				E4D5289C1B1E9176009859D8 /* Release */,
			);
			defaultConfigurationIsVisible = 0;
			defaultConfigurationName = Release;
		};
		E4D5289D1B1E9176009859D8 /* Build configuration list for PBXNativeTarget "Homework" */ = {
			isa = XCConfigurationList;
			buildConfigurations = (
				E4D5289E1B1E9176009859D8 /* Debug */,
				E4D5289F1B1E9176009859D8 /* Release */,
			);
			defaultConfigurationIsVisible = 0;
			defaultConfigurationName = Release;
		};
		E4D528A01B1E9176009859D8 /* Build configuration list for PBXNativeTarget "HomeworkTests" */ = {
			isa = XCConfigurationList;
			buildConfigurations = (
				E4D528A11B1E9176009859D8 /* Debug */,
				E4D528A21B1E9176009859D8 /* Release */,
			);
			defaultConfigurationIsVisible = 0;
			defaultConfigurationName = Release;
		};
/* End XCConfigurationList section */

/* Begin XCVersionGroup section */
		E4D528821B1E9176009859D8 /* Homework.xcdatamodeld */ = {
			isa = XCVersionGroup;
			children = (
				E4D528831B1E9176009859D8 /* Homework.xcdatamodel */,
			);
			currentVersion = E4D528831B1E9176009859D8 /* Homework.xcdatamodel */;
			path = Homework.xcdatamodeld;
			sourceTree = "<group>";
			versionGroupType = wrapper.xcdatamodel;
		};
/* End XCVersionGroup section */
	};
	rootObject = E4D528731B1E9175009859D8 /* Project object */;
}
